// !$*UTF8*$!
{
	archiveVersion = 1;
	classes = {
	};
	objectVersion = 55;
	objects = {

/* Begin PBXBuildFile section */
		6E0618112873CED200229F04 /* AppDelegate.swift in Sources */ = {isa = PBXBuildFile; fileRef = 6E0618102873CED200229F04 /* AppDelegate.swift */; };
		6E0618132873CED200229F04 /* SceneDelegate.swift in Sources */ = {isa = PBXBuildFile; fileRef = 6E0618122873CED200229F04 /* SceneDelegate.swift */; };
		6E0618152873CED200229F04 /* ViewController.swift in Sources */ = {isa = PBXBuildFile; fileRef = 6E0618142873CED200229F04 /* ViewController.swift */; };
		6E0618182873CED200229F04 /* Main.storyboard in Resources */ = {isa = PBXBuildFile; fileRef = 6E0618162873CED200229F04 /* Main.storyboard */; };
		6E06181A2873CED300229F04 /* Assets.xcassets in Resources */ = {isa = PBXBuildFile; fileRef = 6E0618192873CED300229F04 /* Assets.xcassets */; };
		6E06181D2873CED300229F04 /* LaunchScreen.storyboard in Resources */ = {isa = PBXBuildFile; fileRef = 6E06181B2873CED300229F04 /* LaunchScreen.storyboard */; };
		6E0618282873CED300229F04 /* CameraCropTests.swift in Sources */ = {isa = PBXBuildFile; fileRef = 6E0618272873CED300229F04 /* CameraCropTests.swift */; };
		6E0618322873CED300229F04 /* CameraCropUITests.swift in Sources */ = {isa = PBXBuildFile; fileRef = 6E0618312873CED300229F04 /* CameraCropUITests.swift */; };
		6E0618342873CED300229F04 /* CameraCropUITestsLaunchTests.swift in Sources */ = {isa = PBXBuildFile; fileRef = 6E0618332873CED300229F04 /* CameraCropUITestsLaunchTests.swift */; };
		6E0618462873CF3500229F04 /* PetEnterViewController.xib in Resources */ = {isa = PBXBuildFile; fileRef = 6E0618402873CF3500229F04 /* PetEnterViewController.xib */; };
		6E0618472873CF3500229F04 /* PetEnterViewController.swift in Sources */ = {isa = PBXBuildFile; fileRef = 6E0618412873CF3500229F04 /* PetEnterViewController.swift */; };
		6E0618482873CF3500229F04 /* CameraView.swift in Sources */ = {isa = PBXBuildFile; fileRef = 6E0618422873CF3500229F04 /* CameraView.swift */; };
		6E06184B2873CF3500229F04 /* CameraMaskView.swift in Sources */ = {isa = PBXBuildFile; fileRef = 6E0618452873CF3500229F04 /* CameraMaskView.swift */; };
/* End PBXBuildFile section */

/* Begin PBXContainerItemProxy section */
		6E0618242873CED300229F04 /* PBXContainerItemProxy */ = {
			isa = PBXContainerItemProxy;
			containerPortal = 6E0618052873CED200229F04 /* Project object */;
			proxyType = 1;
			remoteGlobalIDString = 6E06180C2873CED200229F04;
			remoteInfo = CameraCrop;
		};
		6E06182E2873CED300229F04 /* PBXContainerItemProxy */ = {
			isa = PBXContainerItemProxy;
			containerPortal = 6E0618052873CED200229F04 /* Project object */;
			proxyType = 1;
			remoteGlobalIDString = 6E06180C2873CED200229F04;
			remoteInfo = CameraCrop;
		};
/* End PBXContainerItemProxy section */

/* Begin PBXFileReference section */
		6E06180D2873CED200229F04 /* CameraCrop.app */ = {isa = PBXFileReference; explicitFileType = wrapper.application; includeInIndex = 0; path = CameraCrop.app; sourceTree = BUILT_PRODUCTS_DIR; };
		6E0618102873CED200229F04 /* AppDelegate.swift */ = {isa = PBXFileReference; lastKnownFileType = sourcecode.swift; path = AppDelegate.swift; sourceTree = "<group>"; };
		6E0618122873CED200229F04 /* SceneDelegate.swift */ = {isa = PBXFileReference; lastKnownFileType = sourcecode.swift; path = SceneDelegate.swift; sourceTree = "<group>"; };
		6E0618142873CED200229F04 /* ViewController.swift */ = {isa = PBXFileReference; lastKnownFileType = sourcecode.swift; path = ViewController.swift; sourceTree = "<group>"; };
		6E0618172873CED200229F04 /* Base */ = {isa = PBXFileReference; lastKnownFileType = file.storyboard; name = Base; path = Base.lproj/Main.storyboard; sourceTree = "<group>"; };
		6E0618192873CED300229F04 /* Assets.xcassets */ = {isa = PBXFileReference; lastKnownFileType = folder.assetcatalog; path = Assets.xcassets; sourceTree = "<group>"; };
		6E06181C2873CED300229F04 /* Base */ = {isa = PBXFileReference; lastKnownFileType = file.storyboard; name = Base; path = Base.lproj/LaunchScreen.storyboard; sourceTree = "<group>"; };
		6E06181E2873CED300229F04 /* Info.plist */ = {isa = PBXFileReference; lastKnownFileType = text.plist.xml; path = Info.plist; sourceTree = "<group>"; };
		6E0618232873CED300229F04 /* CameraCropTests.xctest */ = {isa = PBXFileReference; explicitFileType = wrapper.cfbundle; includeInIndex = 0; path = CameraCropTests.xctest; sourceTree = BUILT_PRODUCTS_DIR; };
		6E0618272873CED300229F04 /* CameraCropTests.swift */ = {isa = PBXFileReference; lastKnownFileType = sourcecode.swift; path = CameraCropTests.swift; sourceTree = "<group>"; };
		6E06182D2873CED300229F04 /* CameraCropUITests.xctest */ = {isa = PBXFileReference; explicitFileType = wrapper.cfbundle; includeInIndex = 0; path = CameraCropUITests.xctest; sourceTree = BUILT_PRODUCTS_DIR; };
		6E0618312873CED300229F04 /* CameraCropUITests.swift */ = {isa = PBXFileReference; lastKnownFileType = sourcecode.swift; path = CameraCropUITests.swift; sourceTree = "<group>"; };
		6E0618332873CED300229F04 /* CameraCropUITestsLaunchTests.swift */ = {isa = PBXFileReference; lastKnownFileType = sourcecode.swift; path = CameraCropUITestsLaunchTests.swift; sourceTree = "<group>"; };
		6E0618402873CF3500229F04 /* PetEnterViewController.xib */ = {isa = PBXFileReference; fileEncoding = 4; lastKnownFileType = file.xib; path = PetEnterViewController.xib; sourceTree = "<group>"; };
		6E0618412873CF3500229F04 /* PetEnterViewController.swift */ = {isa = PBXFileReference; fileEncoding = 4; lastKnownFileType = sourcecode.swift; path = PetEnterViewController.swift; sourceTree = "<group>"; };
		6E0618422873CF3500229F04 /* CameraView.swift */ = {isa = PBXFileReference; fileEncoding = 4; lastKnownFileType = sourcecode.swift; path = CameraView.swift; sourceTree = "<group>"; };
		6E0618452873CF3500229F04 /* CameraMaskView.swift */ = {isa = PBXFileReference; fileEncoding = 4; lastKnownFileType = sourcecode.swift; path = CameraMaskView.swift; sourceTree = "<group>"; };
/* End PBXFileReference section */

/* Begin PBXFrameworksBuildPhase section */
		6E06180A2873CED200229F04 /* Frameworks */ = {
			isa = PBXFrameworksBuildPhase;
			buildActionMask = 2147483647;
			files = (
			);
			runOnlyForDeploymentPostprocessing = 0;
		};
		6E0618202873CED300229F04 /* Frameworks */ = {
			isa = PBXFrameworksBuildPhase;
			buildActionMask = 2147483647;
			files = (
			);
			runOnlyForDeploymentPostprocessing = 0;
		};
		6E06182A2873CED300229F04 /* Frameworks */ = {
			isa = PBXFrameworksBuildPhase;
			buildActionMask = 2147483647;
			files = (
			);
			runOnlyForDeploymentPostprocessing = 0;
		};
/* End PBXFrameworksBuildPhase section */

/* Begin PBXGroup section */
		6E0618042873CED200229F04 = {
			isa = PBXGroup;
			children = (
				6E06180F2873CED200229F04 /* CameraCrop */,
				6E0618262873CED300229F04 /* CameraCropTests */,
				6E0618302873CED300229F04 /* CameraCropUITests */,
				6E06180E2873CED200229F04 /* Products */,
			);
			sourceTree = "<group>";
		};
		6E06180E2873CED200229F04 /* Products */ = {
			isa = PBXGroup;
			children = (
				6E06180D2873CED200229F04 /* CameraCrop.app */,
				6E0618232873CED300229F04 /* CameraCropTests.xctest */,
				6E06182D2873CED300229F04 /* CameraCropUITests.xctest */,
			);
			name = Products;
			sourceTree = "<group>";
		};
		6E06180F2873CED200229F04 /* CameraCrop */ = {
			isa = PBXGroup;
			children = (
				6E0618452873CF3500229F04 /* CameraMaskView.swift */,
				6E0618422873CF3500229F04 /* CameraView.swift */,
				6E0618412873CF3500229F04 /* PetEnterViewController.swift */,
				6E0618402873CF3500229F04 /* PetEnterViewController.xib */,
				6E0618102873CED200229F04 /* AppDelegate.swift */,
				6E0618122873CED200229F04 /* SceneDelegate.swift */,
				6E0618142873CED200229F04 /* ViewController.swift */,
				6E0618162873CED200229F04 /* Main.storyboard */,
				6E0618192873CED300229F04 /* Assets.xcassets */,
				6E06181B2873CED300229F04 /* LaunchScreen.storyboard */,
				6E06181E2873CED300229F04 /* Info.plist */,
			);
			path = CameraCrop;
			sourceTree = "<group>";
		};
		6E0618262873CED300229F04 /* CameraCropTests */ = {
			isa = PBXGroup;
			children = (
				6E0618272873CED300229F04 /* CameraCropTests.swift */,
			);
			path = CameraCropTests;
			sourceTree = "<group>";
		};
		6E0618302873CED300229F04 /* CameraCropUITests */ = {
			isa = PBXGroup;
			children = (
				6E0618312873CED300229F04 /* CameraCropUITests.swift */,
				6E0618332873CED300229F04 /* CameraCropUITestsLaunchTests.swift */,
			);
			path = CameraCropUITests;
			sourceTree = "<group>";
		};
/* End PBXGroup section */

/* Begin PBXNativeTarget section */
		6E06180C2873CED200229F04 /* CameraCrop */ = {
			isa = PBXNativeTarget;
			buildConfigurationList = 6E0618372873CED300229F04 /* Build configuration list for PBXNativeTarget "CameraCrop" */;
			buildPhases = (
				6E0618092873CED200229F04 /* Sources */,
				6E06180A2873CED200229F04 /* Frameworks */,
				6E06180B2873CED200229F04 /* Resources */,
			);
			buildRules = (
			);
			dependencies = (
			);
			name = CameraCrop;
			productName = CameraCrop;
			productReference = 6E06180D2873CED200229F04 /* CameraCrop.app */;
			productType = "com.apple.product-type.application";
		};
		6E0618222873CED300229F04 /* CameraCropTests */ = {
			isa = PBXNativeTarget;
			buildConfigurationList = 6E06183A2873CED300229F04 /* Build configuration list for PBXNativeTarget "CameraCropTests" */;
			buildPhases = (
				6E06181F2873CED300229F04 /* Sources */,
				6E0618202873CED300229F04 /* Frameworks */,
				6E0618212873CED300229F04 /* Resources */,
			);
			buildRules = (
			);
			dependencies = (
				6E0618252873CED300229F04 /* PBXTargetDependency */,
			);
			name = CameraCropTests;
			productName = CameraCropTests;
			productReference = 6E0618232873CED300229F04 /* CameraCropTests.xctest */;
			productType = "com.apple.product-type.bundle.unit-test";
		};
		6E06182C2873CED300229F04 /* CameraCropUITests */ = {
			isa = PBXNativeTarget;
			buildConfigurationList = 6E06183D2873CED300229F04 /* Build configuration list for PBXNativeTarget "CameraCropUITests" */;
			buildPhases = (
				6E0618292873CED300229F04 /* Sources */,
				6E06182A2873CED300229F04 /* Frameworks */,
				6E06182B2873CED300229F04 /* Resources */,
			);
			buildRules = (
			);
			dependencies = (
				6E06182F2873CED300229F04 /* PBXTargetDependency */,
			);
			name = CameraCropUITests;
			productName = CameraCropUITests;
			productReference = 6E06182D2873CED300229F04 /* CameraCropUITests.xctest */;
			productType = "com.apple.product-type.bundle.ui-testing";
		};
/* End PBXNativeTarget section */

/* Begin PBXProject section */
		6E0618052873CED200229F04 /* Project object */ = {
			isa = PBXProject;
			attributes = {
				BuildIndependentTargetsInParallel = 1;
				LastSwiftUpdateCheck = 1340;
				LastUpgradeCheck = 1340;
				TargetAttributes = {
					6E06180C2873CED200229F04 = {
						CreatedOnToolsVersion = 13.4.1;
					};
					6E0618222873CED300229F04 = {
						CreatedOnToolsVersion = 13.4.1;
						TestTargetID = 6E06180C2873CED200229F04;
					};
					6E06182C2873CED300229F04 = {
						CreatedOnToolsVersion = 13.4.1;
						TestTargetID = 6E06180C2873CED200229F04;
					};
				};
			};
			buildConfigurationList = 6E0618082873CED200229F04 /* Build configuration list for PBXProject "CameraCrop" */;
			compatibilityVersion = "Xcode 13.0";
			developmentRegion = en;
			hasScannedForEncodings = 0;
			knownRegions = (
				en,
				Base,
			);
			mainGroup = 6E0618042873CED200229F04;
			productRefGroup = 6E06180E2873CED200229F04 /* Products */;
			projectDirPath = "";
			projectRoot = "";
			targets = (
				6E06180C2873CED200229F04 /* CameraCrop */,
				6E0618222873CED300229F04 /* CameraCropTests */,
				6E06182C2873CED300229F04 /* CameraCropUITests */,
			);
		};
/* End PBXProject section */

/* Begin PBXResourcesBuildPhase section */
		6E06180B2873CED200229F04 /* Resources */ = {
			isa = PBXResourcesBuildPhase;
			buildActionMask = 2147483647;
			files = (
				6E06181D2873CED300229F04 /* LaunchScreen.storyboard in Resources */,
				6E0618462873CF3500229F04 /* PetEnterViewController.xib in Resources */,
				6E06181A2873CED300229F04 /* Assets.xcassets in Resources */,
				6E0618182873CED200229F04 /* Main.storyboard in Resources */,
			);
			runOnlyForDeploymentPostprocessing = 0;
		};
		6E0618212873CED300229F04 /* Resources */ = {
			isa = PBXResourcesBuildPhase;
			buildActionMask = 2147483647;
			files = (
			);
			runOnlyForDeploymentPostprocessing = 0;
		};
		6E06182B2873CED300229F04 /* Resources */ = {
			isa = PBXResourcesBuildPhase;
			buildActionMask = 2147483647;
			files = (
			);
			runOnlyForDeploymentPostprocessing = 0;
		};
/* End PBXResourcesBuildPhase section */

/* Begin PBXSourcesBuildPhase section */
		6E0618092873CED200229F04 /* Sources */ = {
			isa = PBXSourcesBuildPhase;
			buildActionMask = 2147483647;
			files = (
				6E0618152873CED200229F04 /* ViewController.swift in Sources */,
				6E0618472873CF3500229F04 /* PetEnterViewController.swift in Sources */,
				6E0618112873CED200229F04 /* AppDelegate.swift in Sources */,
				6E0618482873CF3500229F04 /* CameraView.swift in Sources */,
				6E0618132873CED200229F04 /* SceneDelegate.swift in Sources */,
				6E06184B2873CF3500229F04 /* CameraMaskView.swift in Sources */,
			);
			runOnlyForDeploymentPostprocessing = 0;
		};
		6E06181F2873CED300229F04 /* Sources */ = {
			isa = PBXSourcesBuildPhase;
			buildActionMask = 2147483647;
			files = (
				6E0618282873CED300229F04 /* CameraCropTests.swift in Sources */,
			);
			runOnlyForDeploymentPostprocessing = 0;
		};
		6E0618292873CED300229F04 /* Sources */ = {
			isa = PBXSourcesBuildPhase;
			buildActionMask = 2147483647;
			files = (
				6E0618322873CED300229F04 /* CameraCropUITests.swift in Sources */,
				6E0618342873CED300229F04 /* CameraCropUITestsLaunchTests.swift in Sources */,
			);
			runOnlyForDeploymentPostprocessing = 0;
		};
/* End PBXSourcesBuildPhase section */

/* Begin PBXTargetDependency section */
		6E0618252873CED300229F04 /* PBXTargetDependency */ = {
			isa = PBXTargetDependency;
			target = 6E06180C2873CED200229F04 /* CameraCrop */;
			targetProxy = 6E0618242873CED300229F04 /* PBXContainerItemProxy */;
		};
		6E06182F2873CED300229F04 /* PBXTargetDependency */ = {
			isa = PBXTargetDependency;
			target = 6E06180C2873CED200229F04 /* CameraCrop */;
			targetProxy = 6E06182E2873CED300229F04 /* PBXContainerItemProxy */;
		};
/* End PBXTargetDependency section */

/* Begin PBXVariantGroup section */
		6E0618162873CED200229F04 /* Main.storyboard */ = {
			isa = PBXVariantGroup;
			children = (
				6E0618172873CED200229F04 /* Base */,
			);
			name = Main.storyboard;
			sourceTree = "<group>";
		};
		6E06181B2873CED300229F04 /* LaunchScreen.storyboard */ = {
			isa = PBXVariantGroup;
			children = (
				6E06181C2873CED300229F04 /* Base */,
			);
			name = LaunchScreen.storyboard;
			sourceTree = "<group>";
		};
/* End PBXVariantGroup section */

/* Begin XCBuildConfiguration section */
		6E0618352873CED300229F04 /* Debug */ = {
			isa = XCBuildConfiguration;
			buildSettings = {
				ALWAYS_SEARCH_USER_PATHS = NO;
				CLANG_ANALYZER_NONNULL = YES;
				CLANG_ANALYZER_NUMBER_OBJECT_CONVERSION = YES_AGGRESSIVE;
				CLANG_CXX_LANGUAGE_STANDARD = "gnu++17";
				CLANG_ENABLE_MODULES = YES;
				CLANG_ENABLE_OBJC_ARC = YES;
				CLANG_ENABLE_OBJC_WEAK = YES;
				CLANG_WARN_BLOCK_CAPTURE_AUTORELEASING = YES;
				CLANG_WARN_BOOL_CONVERSION = YES;
				CLANG_WARN_COMMA = YES;
				CLANG_WARN_CONSTANT_CONVERSION = YES;
				CLANG_WARN_DEPRECATED_OBJC_IMPLEMENTATIONS = YES;
				CLANG_WARN_DIRECT_OBJC_ISA_USAGE = YES_ERROR;
				CLANG_WARN_DOCUMENTATION_COMMENTS = YES;
				CLANG_WARN_EMPTY_BODY = YES;
				CLANG_WARN_ENUM_CONVERSION = YES;
				CLANG_WARN_INFINITE_RECURSION = YES;
				CLANG_WARN_INT_CONVERSION = YES;
				CLANG_WARN_NON_LITERAL_NULL_CONVERSION = YES;
				CLANG_WARN_OBJC_IMPLICIT_RETAIN_SELF = YES;
				CLANG_WARN_OBJC_LITERAL_CONVERSION = YES;
				CLANG_WARN_OBJC_ROOT_CLASS = YES_ERROR;
				CLANG_WARN_QUOTED_INCLUDE_IN_FRAMEWORK_HEADER = YES;
				CLANG_WARN_RANGE_LOOP_ANALYSIS = YES;
				CLANG_WARN_STRICT_PROTOTYPES = YES;
				CLANG_WARN_SUSPICIOUS_MOVE = YES;
				CLANG_WARN_UNGUARDED_AVAILABILITY = YES_AGGRESSIVE;
				CLANG_WARN_UNREACHABLE_CODE = YES;
				CLANG_WARN__DUPLICATE_METHOD_MATCH = YES;
				COPY_PHASE_STRIP = NO;
				DEBUG_INFORMATION_FORMAT = dwarf;
				ENABLE_STRICT_OBJC_MSGSEND = YES;
				ENABLE_TESTABILITY = YES;
				GCC_C_LANGUAGE_STANDARD = gnu11;
				GCC_DYNAMIC_NO_PIC = NO;
				GCC_NO_COMMON_BLOCKS = YES;
				GCC_OPTIMIZATION_LEVEL = 0;
				GCC_PREPROCESSOR_DEFINITIONS = (
					"DEBUG=1",
					"$(inherited)",
				);
				GCC_WARN_64_TO_32_BIT_CONVERSION = YES;
				GCC_WARN_ABOUT_RETURN_TYPE = YES_ERROR;
				GCC_WARN_UNDECLARED_SELECTOR = YES;
				GCC_WARN_UNINITIALIZED_AUTOS = YES_AGGRESSIVE;
				GCC_WARN_UNUSED_FUNCTION = YES;
				GCC_WARN_UNUSED_VARIABLE = YES;
				IPHONEOS_DEPLOYMENT_TARGET = 15.5;
				MTL_ENABLE_DEBUG_INFO = INCLUDE_SOURCE;
				MTL_FAST_MATH = YES;
				ONLY_ACTIVE_ARCH = YES;
				SDKROOT = iphoneos;
				SWIFT_ACTIVE_COMPILATION_CONDITIONS = DEBUG;
				SWIFT_OPTIMIZATION_LEVEL = "-Onone";
			};
			name = Debug;
		};
		6E0618362873CED300229F04 /* Release */ = {
			isa = XCBuildConfiguration;
			buildSettings = {
				ALWAYS_SEARCH_USER_PATHS = NO;
				CLANG_ANALYZER_NONNULL = YES;
				CLANG_ANALYZER_NUMBER_OBJECT_CONVERSION = YES_AGGRESSIVE;
				CLANG_CXX_LANGUAGE_STANDARD = "gnu++17";
				CLANG_ENABLE_MODULES = YES;
				CLANG_ENABLE_OBJC_ARC = YES;
				CLANG_ENABLE_OBJC_WEAK = YES;
				CLANG_WARN_BLOCK_CAPTURE_AUTORELEASING = YES;
				CLANG_WARN_BOOL_CONVERSION = YES;
				CLANG_WARN_COMMA = YES;
				CLANG_WARN_CONSTANT_CONVERSION = YES;
				CLANG_WARN_DEPRECATED_OBJC_IMPLEMENTATIONS = YES;
				CLANG_WARN_DIRECT_OBJC_ISA_USAGE = YES_ERROR;
				CLANG_WARN_DOCUMENTATION_COMMENTS = YES;
				CLANG_WARN_EMPTY_BODY = YES;
				CLANG_WARN_ENUM_CONVERSION = YES;
				CLANG_WARN_INFINITE_RECURSION = YES;
				CLANG_WARN_INT_CONVERSION = YES;
				CLANG_WARN_NON_LITERAL_NULL_CONVERSION = YES;
				CLANG_WARN_OBJC_IMPLICIT_RETAIN_SELF = YES;
				CLANG_WARN_OBJC_LITERAL_CONVERSION = YES;
				CLANG_WARN_OBJC_ROOT_CLASS = YES_ERROR;
				CLANG_WARN_QUOTED_INCLUDE_IN_FRAMEWORK_HEADER = YES;
				CLANG_WARN_RANGE_LOOP_ANALYSIS = YES;
				CLANG_WARN_STRICT_PROTOTYPES = YES;
				CLANG_WARN_SUSPICIOUS_MOVE = YES;
				CLANG_WARN_UNGUARDED_AVAILABILITY = YES_AGGRESSIVE;
				CLANG_WARN_UNREACHABLE_CODE = YES;
				CLANG_WARN__DUPLICATE_METHOD_MATCH = YES;
				COPY_PHASE_STRIP = NO;
				DEBUG_INFORMATION_FORMAT = "dwarf-with-dsym";
				ENABLE_NS_ASSERTIONS = NO;
				ENABLE_STRICT_OBJC_MSGSEND = YES;
				GCC_C_LANGUAGE_STANDARD = gnu11;
				GCC_NO_COMMON_BLOCKS = YES;
				GCC_WARN_64_TO_32_BIT_CONVERSION = YES;
				GCC_WARN_ABOUT_RETURN_TYPE = YES_ERROR;
				GCC_WARN_UNDECLARED_SELECTOR = YES;
				GCC_WARN_UNINITIALIZED_AUTOS = YES_AGGRESSIVE;
				GCC_WARN_UNUSED_FUNCTION = YES;
				GCC_WARN_UNUSED_VARIABLE = YES;
				IPHONEOS_DEPLOYMENT_TARGET = 15.5;
				MTL_ENABLE_DEBUG_INFO = NO;
				MTL_FAST_MATH = YES;
				SDKROOT = iphoneos;
				SWIFT_COMPILATION_MODE = wholemodule;
				SWIFT_OPTIMIZATION_LEVEL = "-O";
				VALIDATE_PRODUCT = YES;
			};
			name = Release;
		};
		6E0618382873CED300229F04 /* Debug */ = {
			isa = XCBuildConfiguration;
			buildSettings = {
				ASSETCATALOG_COMPILER_APPICON_NAME = AppIcon;
				ASSETCATALOG_COMPILER_GLOBAL_ACCENT_COLOR_NAME = AccentColor;
				CODE_SIGN_STYLE = Automatic;
				CURRENT_PROJECT_VERSION = 1;
				DEVELOPMENT_TEAM = W4H6BW5XJJ;
				GENERATE_INFOPLIST_FILE = YES;
				INFOPLIST_FILE = CameraCrop/Info.plist;
				INFOPLIST_KEY_UIApplicationSupportsIndirectInputEvents = YES;
				INFOPLIST_KEY_UILaunchStoryboardName = LaunchScreen;
				INFOPLIST_KEY_UIMainStoryboardFile = PetEnterViewController;
				INFOPLIST_KEY_UISupportedInterfaceOrientations_iPad = "UIInterfaceOrientationPortrait UIInterfaceOrientationPortraitUpsideDown UIInterfaceOrientationLandscapeLeft UIInterfaceOrientationLandscapeRight";
				INFOPLIST_KEY_UISupportedInterfaceOrientations_iPhone = "UIInterfaceOrientationPortrait UIInterfaceOrientationLandscapeLeft UIInterfaceOrientationLandscapeRight";
				IPHONEOS_DEPLOYMENT_TARGET = 10.0;
				LD_RUNPATH_SEARCH_PATHS = (
					"$(inherited)",
					"@executable_path/Frameworks",
				);
				MARKETING_VERSION = 1.0;
				PRODUCT_BUNDLE_IDENTIFIER = com.tinghao.CameraCrop;
				PRODUCT_NAME = "$(TARGET_NAME)";
				SWIFT_EMIT_LOC_STRINGS = YES;
				SWIFT_VERSION = 5.0;
				TARGETED_DEVICE_FAMILY = "1,2";
			};
			name = Debug;
		};
		6E0618392873CED300229F04 /* Release */ = {
			isa = XCBuildConfiguration;
			buildSettings = {
				ASSETCATALOG_COMPILER_APPICON_NAME = AppIcon;
				ASSETCATALOG_COMPILER_GLOBAL_ACCENT_COLOR_NAME = AccentColor;
				CODE_SIGN_STYLE = Automatic;
				CURRENT_PROJECT_VERSION = 1;
				DEVELOPMENT_TEAM = W4H6BW5XJJ;
				GENERATE_INFOPLIST_FILE = YES;
				INFOPLIST_FILE = CameraCrop/Info.plist;
				INFOPLIST_KEY_UIApplicationSupportsIndirectInputEvents = YES;
				INFOPLIST_KEY_UILaunchStoryboardName = LaunchScreen;
				INFOPLIST_KEY_UIMainStoryboardFile = PetEnterViewController;
				INFOPLIST_KEY_UISupportedInterfaceOrientations_iPad = "UIInterfaceOrientationPortrait UIInterfaceOrientationPortraitUpsideDown UIInterfaceOrientationLandscapeLeft UIInterfaceOrientationLandscapeRight";
				INFOPLIST_KEY_UISupportedInterfaceOrientations_iPhone = "UIInterfaceOrientationPortrait UIInterfaceOrientationLandscapeLeft UIInterfaceOrientationLandscapeRight";
				IPHONEOS_DEPLOYMENT_TARGET = 10.0;
				LD_RUNPATH_SEARCH_PATHS = (
					"$(inherited)",
					"@executable_path/Frameworks",
				);
				MARKETING_VERSION = 1.0;
				PRODUCT_BUNDLE_IDENTIFIER = com.tinghao.CameraCrop;
				PRODUCT_NAME = "$(TARGET_NAME)";
				SWIFT_EMIT_LOC_STRINGS = YES;
				SWIFT_VERSION = 5.0;
				TARGETED_DEVICE_FAMILY = "1,2";
			};
			name = Release;
		};
		6E06183B2873CED300229F04 /* Debug */ = {
			isa = XCBuildConfiguration;
			buildSettings = {
				ALWAYS_EMBED_SWIFT_STANDARD_LIBRARIES = YES;
				BUNDLE_LOADER = "$(TEST_HOST)";
				CODE_SIGN_STYLE = Automatic;
				CURRENT_PROJECT_VERSION = 1;
				GENERATE_INFOPLIST_FILE = YES;
				IPHONEOS_DEPLOYMENT_TARGET = 15.5;
				MARKETING_VERSION = 1.0;
				PRODUCT_BUNDLE_IDENTIFIER = com.tinghao.CameraCropTests;
				PRODUCT_NAME = "$(TARGET_NAME)";
				SWIFT_EMIT_LOC_STRINGS = NO;
				SWIFT_VERSION = 5.0;
				TARGETED_DEVICE_FAMILY = "1,2";
				TEST_HOST = "$(BUILT_PRODUCTS_DIR)/CameraCrop.app/CameraCrop";
			};
			name = Debug;
		};
		6E06183C2873CED300229F04 /* Release */ = {
			isa = XCBuildConfiguration;
			buildSettings = {
				ALWAYS_EMBED_SWIFT_STANDARD_LIBRARIES = YES;
				BUNDLE_LOADER = "$(TEST_HOST)";
				CODE_SIGN_STYLE = Automatic;
				CURRENT_PROJECT_VERSION = 1;
				GENERATE_INFOPLIST_FILE = YES;
				IPHONEOS_DEPLOYMENT_TARGET = 15.5;
				MARKETING_VERSION = 1.0;
				PRODUCT_BUNDLE_IDENTIFIER = com.tinghao.CameraCropTests;
				PRODUCT_NAME = "$(TARGET_NAME)";
				SWIFT_EMIT_LOC_STRINGS = NO;
				SWIFT_VERSION = 5.0;
				TARGETED_DEVICE_FAMILY = "1,2";
				TEST_HOST = "$(BUILT_PRODUCTS_DIR)/CameraCrop.app/CameraCrop";
			};
			name = Release;
		};
		6E06183E2873CED300229F04 /* Debug */ = {
			isa = XCBuildConfiguration;
			buildSettings = {
				ALWAYS_EMBED_SWIFT_STANDARD_LIBRARIES = YES;
				CODE_SIGN_STYLE = Automatic;
				CURRENT_PROJECT_VERSION = 1;
				GENERATE_INFOPLIST_FILE = YES;
				MARKETING_VERSION = 1.0;
				PRODUCT_BUNDLE_IDENTIFIER = com.tinghao.CameraCropUITests;
				PRODUCT_NAME = "$(TARGET_NAME)";
				SWIFT_EMIT_LOC_STRINGS = NO;
				SWIFT_VERSION = 5.0;
				TARGETED_DEVICE_FAMILY = "1,2";
				TEST_TARGET_NAME = CameraCrop;
			};
			name = Debug;
		};
		6E06183F2873CED300229F04 /* Release */ = {
			isa = XCBuildConfiguration;
			buildSettings = {
				ALWAYS_EMBED_SWIFT_STANDARD_LIBRARIES = YES;
				CODE_SIGN_STYLE = Automatic;
				CURRENT_PROJECT_VERSION = 1;
				GENERATE_INFOPLIST_FILE = YES;
				MARKETING_VERSION = 1.0;
				PRODUCT_BUNDLE_IDENTIFIER = com.tinghao.CameraCropUITests;
				PRODUCT_NAME = "$(TARGET_NAME)";
				SWIFT_EMIT_LOC_STRINGS = NO;
				SWIFT_VERSION = 5.0;
				TARGETED_DEVICE_FAMILY = "1,2";
				TEST_TARGET_NAME = CameraCrop;
			};
			name = Release;
		};
/* End XCBuildConfiguration section */

/* Begin XCConfigurationList section */
		6E0618082873CED200229F04 /* Build configuration list for PBXProject "CameraCrop" */ = {
			isa = XCConfigurationList;
			buildConfigurations = (
				6E0618352873CED300229F04 /* Debug */,
				6E0618362873CED300229F04 /* Release */,
			);
			defaultConfigurationIsVisible = 0;
			defaultConfigurationName = Release;
		};
		6E0618372873CED300229F04 /* Build configuration list for PBXNativeTarget "CameraCrop" */ = {
			isa = XCConfigurationList;
			buildConfigurations = (
				6E0618382873CED300229F04 /* Debug */,
				6E0618392873CED300229F04 /* Release */,
			);
			defaultConfigurationIsVisible = 0;
			defaultConfigurationName = Release;
		};
		6E06183A2873CED300229F04 /* Build configuration list for PBXNativeTarget "CameraCropTests" */ = {
			isa = XCConfigurationList;
			buildConfigurations = (
				6E06183B2873CED300229F04 /* Debug */,
				6E06183C2873CED300229F04 /* Release */,
			);
			defaultConfigurationIsVisible = 0;
			defaultConfigurationName = Release;
		};
		6E06183D2873CED300229F04 /* Build configuration list for PBXNativeTarget "CameraCropUITests" */ = {
			isa = XCConfigurationList;
			buildConfigurations = (
				6E06183E2873CED300229F04 /* Debug */,
				6E06183F2873CED300229F04 /* Release */,
			);
			defaultConfigurationIsVisible = 0;
			defaultConfigurationName = Release;
		};
/* End XCConfigurationList section */
	};
	rootObject = 6E0618052873CED200229F04 /* Project object */;
}
